
Microsoft Visual Studio Solution File, Format Version 12.00
Project("{FAE04EC0-301F-11D3-BF4B-00C04F79EFBC}") = "cinematicket", "cinematicket.csproj", "{EF365B03-EB0D-4EA8-8EE7-C3F69BBC57EC}"
EndProject
Global
	GlobalSection(SolutionConfigurationPlatforms) = preSolution
		Debug|Any CPU = Debug|Any CPU
		Release|Any CPU = Release|Any CPU
	EndGlobalSection
	GlobalSection(ProjectConfigurationPlatforms) = postSolution
		{EF365B03-EB0D-4EA8-8EE7-C3F69BBC57EC}.Debug|Any CPU.ActiveCfg = Debug|Any CPU
		{EF365B03-EB0D-4EA8-8EE7-C3F69BBC57EC}.Debug|Any CPU.Build.0 = Debug|Any CPU
		{EF365B03-EB0D-4EA8-8EE7-C3F69BBC57EC}.Release|Any CPU.ActiveCfg = Release|Any CPU
		{EF365B03-EB0D-4EA8-8EE7-C3F69BBC57EC}.Release|Any CPU.Build.0 = Release|Any CPU
	EndGlobalSection
EndGlobal
